// !$*UTF8*$!
{
	archiveVersion = 1;
	classes = {
	};
	objectVersion = 46;
	objects = {

/* Begin PBXBuildFile section */
		64310DCB1E63262000A62168 /* AppDelegate.swift in Sources */ = {isa = PBXBuildFile; fileRef = 64310DCA1E63262000A62168 /* AppDelegate.swift */; };
		64310DCD1E63262000A62168 /* ViewController.swift in Sources */ = {isa = PBXBuildFile; fileRef = 64310DCC1E63262000A62168 /* ViewController.swift */; };
		64310DD01E63262000A62168 /* Main.storyboard in Resources */ = {isa = PBXBuildFile; fileRef = 64310DCE1E63262000A62168 /* Main.storyboard */; };
		64310DD21E63262100A62168 /* Assets.xcassets in Resources */ = {isa = PBXBuildFile; fileRef = 64310DD11E63262000A62168 /* Assets.xcassets */; };
		64310DD51E63262100A62168 /* LaunchScreen.storyboard in Resources */ = {isa = PBXBuildFile; fileRef = 64310DD31E63262100A62168 /* LaunchScreen.storyboard */; };
		64310DE01E63262100A62168 /* SlideshowAppTests.swift in Sources */ = {isa = PBXBuildFile; fileRef = 64310DDF1E63262100A62168 /* SlideshowAppTests.swift */; };
		64310DEB1E63262100A62168 /* SlideshowAppUITests.swift in Sources */ = {isa = PBXBuildFile; fileRef = 64310DEA1E63262100A62168 /* SlideshowAppUITests.swift */; };
/* End PBXBuildFile section */

/* Begin PBXContainerItemProxy section */
		64310DDC1E63262100A62168 /* PBXContainerItemProxy */ = {
			isa = PBXContainerItemProxy;
			containerPortal = 64310DBF1E63262000A62168 /* Project object */;
			proxyType = 1;
			remoteGlobalIDString = 64310DC61E63262000A62168;
			remoteInfo = SlideshowApp;
		};
		64310DE71E63262100A62168 /* PBXContainerItemProxy */ = {
			isa = PBXContainerItemProxy;
			containerPortal = 64310DBF1E63262000A62168 /* Project object */;
			proxyType = 1;
			remoteGlobalIDString = 64310DC61E63262000A62168;
			remoteInfo = SlideshowApp;
		};
/* End PBXContainerItemProxy section */

/* Begin PBXFileReference section */
		64310DC71E63262000A62168 /* SlideshowApp.app */ = {isa = PBXFileReference; explicitFileType = wrapper.application; includeInIndex = 0; path = SlideshowApp.app; sourceTree = BUILT_PRODUCTS_DIR; };
		64310DCA1E63262000A62168 /* AppDelegate.swift */ = {isa = PBXFileReference; lastKnownFileType = sourcecode.swift; path = AppDelegate.swift; sourceTree = "<group>"; };
		64310DCC1E63262000A62168 /* ViewController.swift */ = {isa = PBXFileReference; lastKnownFileType = sourcecode.swift; path = ViewController.swift; sourceTree = "<group>"; };
		64310DCF1E63262000A62168 /* Base */ = {isa = PBXFileReference; lastKnownFileType = file.storyboard; name = Base; path = Base.lproj/Main.storyboard; sourceTree = "<group>"; };
		64310DD11E63262000A62168 /* Assets.xcassets */ = {isa = PBXFileReference; lastKnownFileType = folder.assetcatalog; path = Assets.xcassets; sourceTree = "<group>"; };
		64310DD41E63262100A62168 /* Base */ = {isa = PBXFileReference; lastKnownFileType = file.storyboard; name = Base; path = Base.lproj/LaunchScreen.storyboard; sourceTree = "<group>"; };
		64310DD61E63262100A62168 /* Info.plist */ = {isa = PBXFileReference; lastKnownFileType = text.plist.xml; path = Info.plist; sourceTree = "<group>"; };
		64310DDB1E63262100A62168 /* SlideshowAppTests.xctest */ = {isa = PBXFileReference; explicitFileType = wrapper.cfbundle; includeInIndex = 0; path = SlideshowAppTests.xctest; sourceTree = BUILT_PRODUCTS_DIR; };
		64310DDF1E63262100A62168 /* SlideshowAppTests.swift */ = {isa = PBXFileReference; lastKnownFileType = sourcecode.swift; path = SlideshowAppTests.swift; sourceTree = "<group>"; };
		64310DE11E63262100A62168 /* Info.plist */ = {isa = PBXFileReference; lastKnownFileType = text.plist.xml; path = Info.plist; sourceTree = "<group>"; };
		64310DE61E63262100A62168 /* SlideshowAppUITests.xctest */ = {isa = PBXFileReference; explicitFileType = wrapper.cfbundle; includeInIndex = 0; path = SlideshowAppUITests.xctest; sourceTree = BUILT_PRODUCTS_DIR; };
		64310DEA1E63262100A62168 /* SlideshowAppUITests.swift */ = {isa = PBXFileReference; lastKnownFileType = sourcecode.swift; path = SlideshowAppUITests.swift; sourceTree = "<group>"; };
		64310DEC1E63262100A62168 /* Info.plist */ = {isa = PBXFileReference; lastKnownFileType = text.plist.xml; path = Info.plist; sourceTree = "<group>"; };
/* End PBXFileReference section */

/* Begin PBXFrameworksBuildPhase section */
		64310DC41E63262000A62168 /* Frameworks */ = {
			isa = PBXFrameworksBuildPhase;
			buildActionMask = 2147483647;
			files = (
			);
			runOnlyForDeploymentPostprocessing = 0;
		};
		64310DD81E63262100A62168 /* Frameworks */ = {
			isa = PBXFrameworksBuildPhase;
			buildActionMask = 2147483647;
			files = (
			);
			runOnlyForDeploymentPostprocessing = 0;
		};
		64310DE31E63262100A62168 /* Frameworks */ = {
			isa = PBXFrameworksBuildPhase;
			buildActionMask = 2147483647;
			files = (
			);
			runOnlyForDeploymentPostprocessing = 0;
		};
/* End PBXFrameworksBuildPhase section */

/* Begin PBXGroup section */
		64310DBE1E63262000A62168 = {
			isa = PBXGroup;
			children = (
				64310DC91E63262000A62168 /* SlideshowApp */,
				64310DDE1E63262100A62168 /* SlideshowAppTests */,
				64310DE91E63262100A62168 /* SlideshowAppUITests */,
				64310DC81E63262000A62168 /* Products */,
			);
			sourceTree = "<group>";
		};
		64310DC81E63262000A62168 /* Products */ = {
			isa = PBXGroup;
			children = (
				64310DC71E63262000A62168 /* SlideshowApp.app */,
				64310DDB1E63262100A62168 /* SlideshowAppTests.xctest */,
				64310DE61E63262100A62168 /* SlideshowAppUITests.xctest */,
			);
			name = Products;
			sourceTree = "<group>";
		};
		64310DC91E63262000A62168 /* SlideshowApp */ = {
			isa = PBXGroup;
			children = (
				64310DCA1E63262000A62168 /* AppDelegate.swift */,
				64310DCC1E63262000A62168 /* ViewController.swift */,
				64310DCE1E63262000A62168 /* Main.storyboard */,
				64310DD11E63262000A62168 /* Assets.xcassets */,
				64310DD31E63262100A62168 /* LaunchScreen.storyboard */,
				64310DD61E63262100A62168 /* Info.plist */,
			);
			path = SlideshowApp;
			sourceTree = "<group>";
		};
		64310DDE1E63262100A62168 /* SlideshowAppTests */ = {
			isa = PBXGroup;
			children = (
				64310DDF1E63262100A62168 /* SlideshowAppTests.swift */,
				64310DE11E63262100A62168 /* Info.plist */,
			);
			path = SlideshowAppTests;
			sourceTree = "<group>";
		};
		64310DE91E63262100A62168 /* SlideshowAppUITests */ = {
			isa = PBXGroup;
			children = (
				64310DEA1E63262100A62168 /* SlideshowAppUITests.swift */,
				64310DEC1E63262100A62168 /* Info.plist */,
			);
			path = SlideshowAppUITests;
			sourceTree = "<group>";
		};
/* End PBXGroup section */

/* Begin PBXNativeTarget section */
		64310DC61E63262000A62168 /* SlideshowApp */ = {
			isa = PBXNativeTarget;
			buildConfigurationList = 64310DEF1E63262100A62168 /* Build configuration list for PBXNativeTarget "SlideshowApp" */;
			buildPhases = (
				64310DC31E63262000A62168 /* Sources */,
				64310DC41E63262000A62168 /* Frameworks */,
				64310DC51E63262000A62168 /* Resources */,
			);
			buildRules = (
			);
			dependencies = (
			);
			name = SlideshowApp;
			productName = SlideshowApp;
			productReference = 64310DC71E63262000A62168 /* SlideshowApp.app */;
			productType = "com.apple.product-type.application";
		};
		64310DDA1E63262100A62168 /* SlideshowAppTests */ = {
			isa = PBXNativeTarget;
			buildConfigurationList = 64310DF21E63262100A62168 /* Build configuration list for PBXNativeTarget "SlideshowAppTests" */;
			buildPhases = (
				64310DD71E63262100A62168 /* Sources */,
				64310DD81E63262100A62168 /* Frameworks */,
				64310DD91E63262100A62168 /* Resources */,
			);
			buildRules = (
			);
			dependencies = (
				64310DDD1E63262100A62168 /* PBXTargetDependency */,
			);
			name = SlideshowAppTests;
			productName = SlideshowAppTests;
			productReference = 64310DDB1E63262100A62168 /* SlideshowAppTests.xctest */;
			productType = "com.apple.product-type.bundle.unit-test";
		};
		64310DE51E63262100A62168 /* SlideshowAppUITests */ = {
			isa = PBXNativeTarget;
			buildConfigurationList = 64310DF51E63262100A62168 /* Build configuration list for PBXNativeTarget "SlideshowAppUITests" */;
			buildPhases = (
				64310DE21E63262100A62168 /* Sources */,
				64310DE31E63262100A62168 /* Frameworks */,
				64310DE41E63262100A62168 /* Resources */,
			);
			buildRules = (
			);
			dependencies = (
				64310DE81E63262100A62168 /* PBXTargetDependency */,
			);
			name = SlideshowAppUITests;
			productName = SlideshowAppUITests;
			productReference = 64310DE61E63262100A62168 /* SlideshowAppUITests.xctest */;
			productType = "com.apple.product-type.bundle.ui-testing";
		};
/* End PBXNativeTarget section */

/* Begin PBXProject section */
		64310DBF1E63262000A62168 /* Project object */ = {
			isa = PBXProject;
			attributes = {
				LastSwiftUpdateCheck = 0820;
				LastUpgradeCheck = 0820;
				ORGANIZATIONNAME = tomoya.sasaki;
				TargetAttributes = {
					64310DC61E63262000A62168 = {
						CreatedOnToolsVersion = 8.2.1;
						DevelopmentTeam = DK35449S8F;
						ProvisioningStyle = Automatic;
					};
					64310DDA1E63262100A62168 = {
						CreatedOnToolsVersion = 8.2.1;
						DevelopmentTeam = DK35449S8F;
						ProvisioningStyle = Automatic;
						TestTargetID = 64310DC61E63262000A62168;
					};
					64310DE51E63262100A62168 = {
						CreatedOnToolsVersion = 8.2.1;
						DevelopmentTeam = DK35449S8F;
						ProvisioningStyle = Automatic;
						TestTargetID = 64310DC61E63262000A62168;
					};
				};
			};
			buildConfigurationList = 64310DC21E63262000A62168 /* Build configuration list for PBXProject "SlideshowApp" */;
			compatibilityVersion = "Xcode 3.2";
			developmentRegion = English;
			hasScannedForEncodings = 0;
			knownRegions = (
				en,
				Base,
			);
			mainGroup = 64310DBE1E63262000A62168;
			productRefGroup = 64310DC81E63262000A62168 /* Products */;
			projectDirPath = "";
			projectRoot = "";
			targets = (
				64310DC61E63262000A62168 /* SlideshowApp */,
				64310DDA1E63262100A62168 /* SlideshowAppTests */,
				64310DE51E63262100A62168 /* SlideshowAppUITests */,
			);
		};
/* End PBXProject section */

/* Begin PBXResourcesBuildPhase section */
		64310DC51E63262000A62168 /* Resources */ = {
			isa = PBXResourcesBuildPhase;
			buildActionMask = 2147483647;
			files = (
				64310DD51E63262100A62168 /* LaunchScreen.storyboard in Resources */,
				64310DD21E63262100A62168 /* Assets.xcassets in Resources */,
				64310DD01E63262000A62168 /* Main.storyboard in Resources */,
			);
			runOnlyForDeploymentPostprocessing = 0;
		};
		64310DD91E63262100A62168 /* Resources */ = {
			isa = PBXResourcesBuildPhase;
			buildActionMask = 2147483647;
			files = (
			);
			runOnlyForDeploymentPostprocessing = 0;
		};
		64310DE41E63262100A62168 /* Resources */ = {
			isa = PBXResourcesBuildPhase;
			buildActionMask = 2147483647;
			files = (
			);
			runOnlyForDeploymentPostprocessing = 0;
		};
/* End PBXResourcesBuildPhase section */

/* Begin PBXSourcesBuildPhase section */
		64310DC31E63262000A62168 /* Sources */ = {
			isa = PBXSourcesBuildPhase;
			buildActionMask = 2147483647;
			files = (
				64310DCD1E63262000A62168 /* ViewController.swift in Sources */,
				64310DCB1E63262000A62168 /* AppDelegate.swift in Sources */,
			);
			runOnlyForDeploymentPostprocessing = 0;
		};
		64310DD71E63262100A62168 /* Sources */ = {
			isa = PBXSourcesBuildPhase;
			buildActionMask = 2147483647;
			files = (
				64310DE01E63262100A62168 /* SlideshowAppTests.swift in Sources */,
			);
			runOnlyForDeploymentPostprocessing = 0;
		};
		64310DE21E63262100A62168 /* Sources */ = {
			isa = PBXSourcesBuildPhase;
			buildActionMask = 2147483647;
			files = (
				64310DEB1E63262100A62168 /* SlideshowAppUITests.swift in Sources */,
			);
			runOnlyForDeploymentPostprocessing = 0;
		};
/* End PBXSourcesBuildPhase section */

/* Begin PBXTargetDependency section */
		64310DDD1E63262100A62168 /* PBXTargetDependency */ = {
			isa = PBXTargetDependency;
			target = 64310DC61E63262000A62168 /* SlideshowApp */;
			targetProxy = 64310DDC1E63262100A62168 /* PBXContainerItemProxy */;
		};
		64310DE81E63262100A62168 /* PBXTargetDependency */ = {
			isa = PBXTargetDependency;
			target = 64310DC61E63262000A62168 /* SlideshowApp */;
			targetProxy = 64310DE71E63262100A62168 /* PBXContainerItemProxy */;
		};
/* End PBXTargetDependency section */

/* Begin PBXVariantGroup section */
		64310DCE1E63262000A62168 /* Main.storyboard */ = {
			isa = PBXVariantGroup;
			children = (
				64310DCF1E63262000A62168 /* Base */,
			);
			name = Main.storyboard;
			sourceTree = "<group>";
		};
		64310DD31E63262100A62168 /* LaunchScreen.storyboard */ = {
			isa = PBXVariantGroup;
			children = (
				64310DD41E63262100A62168 /* Base */,
			);
			name = LaunchScreen.storyboard;
			sourceTree = "<group>";
		};
/* End PBXVariantGroup section */

/* Begin XCBuildConfiguration section */
		64310DED1E63262100A62168 /* Debug */ = {
			isa = XCBuildConfiguration;
			buildSettings = {
				ALWAYS_SEARCH_USER_PATHS = NO;
				CLANG_ANALYZER_NONNULL = YES;
				CLANG_CXX_LANGUAGE_STANDARD = "gnu++0x";
				CLANG_CXX_LIBRARY = "libc++";
				CLANG_ENABLE_MODULES = YES;
				CLANG_ENABLE_OBJC_ARC = YES;
				CLANG_WARN_BOOL_CONVERSION = YES;
				CLANG_WARN_CONSTANT_CONVERSION = YES;
				CLANG_WARN_DIRECT_OBJC_ISA_USAGE = YES_ERROR;
				CLANG_WARN_DOCUMENTATION_COMMENTS = YES;
				CLANG_WARN_EMPTY_BODY = YES;
				CLANG_WARN_ENUM_CONVERSION = YES;
				CLANG_WARN_INFINITE_RECURSION = YES;
				CLANG_WARN_INT_CONVERSION = YES;
				CLANG_WARN_OBJC_ROOT_CLASS = YES_ERROR;
				CLANG_WARN_SUSPICIOUS_MOVE = YES;
				CLANG_WARN_UNREACHABLE_CODE = YES;
				CLANG_WARN__DUPLICATE_METHOD_MATCH = YES;
				"CODE_SIGN_IDENTITY[sdk=iphoneos*]" = "iPhone Developer";
				COPY_PHASE_STRIP = NO;
				DEBUG_INFORMATION_FORMAT = dwarf;
				ENABLE_STRICT_OBJC_MSGSEND = YES;
				ENABLE_TESTABILITY = YES;
				GCC_C_LANGUAGE_STANDARD = gnu99;
				GCC_DYNAMIC_NO_PIC = NO;
				GCC_NO_COMMON_BLOCKS = YES;
				GCC_OPTIMIZATION_LEVEL = 0;
				GCC_PREPROCESSOR_DEFINITIONS = (
					"DEBUG=1",
					"$(inherited)",
				);
				GCC_WARN_64_TO_32_BIT_CONVERSION = YES;
				GCC_WARN_ABOUT_RETURN_TYPE = YES_ERROR;
				GCC_WARN_UNDECLARED_SELECTOR = YES;
				GCC_WARN_UNINITIALIZED_AUTOS = YES_AGGRESSIVE;
				GCC_WARN_UNUSED_FUNCTION = YES;
				GCC_WARN_UNUSED_VARIABLE = YES;
				IPHONEOS_DEPLOYMENT_TARGET = 10.2;
				MTL_ENABLE_DEBUG_INFO = YES;
				ONLY_ACTIVE_ARCH = YES;
				SDKROOT = iphoneos;
				SWIFT_ACTIVE_COMPILATION_CONDITIONS = DEBUG;
				SWIFT_OPTIMIZATION_LEVEL = "-Onone";
			};
			name = Debug;
		};
		64310DEE1E63262100A62168 /* Release */ = {
			isa = XCBuildConfiguration;
			buildSettings = {
				ALWAYS_SEARCH_USER_PATHS = NO;
				CLANG_ANALYZER_NONNULL = YES;
				CLANG_CXX_LANGUAGE_STANDARD = "gnu++0x";
				CLANG_CXX_LIBRARY = "libc++";
				CLANG_ENABLE_MODULES = YES;
				CLANG_ENABLE_OBJC_ARC = YES;
				CLANG_WARN_BOOL_CONVERSION = YES;
				CLANG_WARN_CONSTANT_CONVERSION = YES;
				CLANG_WARN_DIRECT_OBJC_ISA_USAGE = YES_ERROR;
				CLANG_WARN_DOCUMENTATION_COMMENTS = YES;
				CLANG_WARN_EMPTY_BODY = YES;
				CLANG_WARN_ENUM_CONVERSION = YES;
				CLANG_WARN_INFINITE_RECURSION = YES;
				CLANG_WARN_INT_CONVERSION = YES;
				CLANG_WARN_OBJC_ROOT_CLASS = YES_ERROR;
				CLANG_WARN_SUSPICIOUS_MOVE = YES;
				CLANG_WARN_UNREACHABLE_CODE = YES;
				CLANG_WARN__DUPLICATE_METHOD_MATCH = YES;
				"CODE_SIGN_IDENTITY[sdk=iphoneos*]" = "iPhone Developer";
				COPY_PHASE_STRIP = NO;
				DEBUG_INFORMATION_FORMAT = "dwarf-with-dsym";
				ENABLE_NS_ASSERTIONS = NO;
				ENABLE_STRICT_OBJC_MSGSEND = YES;
				GCC_C_LANGUAGE_STANDARD = gnu99;
				GCC_NO_COMMON_BLOCKS = YES;
				GCC_WARN_64_TO_32_BIT_CONVERSION = YES;
				GCC_WARN_ABOUT_RETURN_TYPE = YES_ERROR;
				GCC_WARN_UNDECLARED_SELECTOR = YES;
				GCC_WARN_UNINITIALIZED_AUTOS = YES_AGGRESSIVE;
				GCC_WARN_UNUSED_FUNCTION = YES;
				GCC_WARN_UNUSED_VARIABLE = YES;
				IPHONEOS_DEPLOYMENT_TARGET = 10.2;
				MTL_ENABLE_DEBUG_INFO = NO;
				SDKROOT = iphoneos;
				SWIFT_OPTIMIZATION_LEVEL = "-Owholemodule";
				VALIDATE_PRODUCT = YES;
			};
			name = Release;
		};
		64310DF01E63262100A62168 /* Debug */ = {
			isa = XCBuildConfiguration;
			buildSettings = {
				ASSETCATALOG_COMPILER_APPICON_NAME = AppIcon;
				DEVELOPMENT_TEAM = DK35449S8F;
				INFOPLIST_FILE = SlideshowApp/Info.plist;
				LD_RUNPATH_SEARCH_PATHS = "$(inherited) @executable_path/Frameworks";
				PRODUCT_BUNDLE_IDENTIFIER = jp.techacademy.tomoya.sasaki.SlideshowApp;
				PRODUCT_NAME = "$(TARGET_NAME)";
				SWIFT_VERSION = 3.0;
			};
			name = Debug;
		};
		64310DF11E63262100A62168 /* Release */ = {
			isa = XCBuildConfiguration;
			buildSettings = {
				ASSETCATALOG_COMPILER_APPICON_NAME = AppIcon;
				DEVELOPMENT_TEAM = DK35449S8F;
				INFOPLIST_FILE = SlideshowApp/Info.plist;
				LD_RUNPATH_SEARCH_PATHS = "$(inherited) @executable_path/Frameworks";
				PRODUCT_BUNDLE_IDENTIFIER = jp.techacademy.tomoya.sasaki.SlideshowApp;
				PRODUCT_NAME = "$(TARGET_NAME)";
				SWIFT_VERSION = 3.0;
			};
			name = Release;
		};
		64310DF31E63262100A62168 /* Debug */ = {
			isa = XCBuildConfiguration;
			buildSettings = {
				ALWAYS_EMBED_SWIFT_STANDARD_LIBRARIES = YES;
				BUNDLE_LOADER = "$(TEST_HOST)";
				DEVELOPMENT_TEAM = DK35449S8F;
				INFOPLIST_FILE = SlideshowAppTests/Info.plist;
				LD_RUNPATH_SEARCH_PATHS = "$(inherited) @executable_path/Frameworks @loader_path/Frameworks";
				PRODUCT_BUNDLE_IDENTIFIER = jp.techacademy.tomoya.sasaki.SlideshowAppTests;
				PRODUCT_NAME = "$(TARGET_NAME)";
				SWIFT_VERSION = 3.0;
				TEST_HOST = "$(BUILT_PRODUCTS_DIR)/SlideshowApp.app/SlideshowApp";
			};
			name = Debug;
		};
		64310DF41E63262100A62168 /* Release */ = {
			isa = XCBuildConfiguration;
			buildSettings = {
				ALWAYS_EMBED_SWIFT_STANDARD_LIBRARIES = YES;
				BUNDLE_LOADER = "$(TEST_HOST)";
				DEVELOPMENT_TEAM = DK35449S8F;
				INFOPLIST_FILE = SlideshowAppTests/Info.plist;
				LD_RUNPATH_SEARCH_PATHS = "$(inherited) @executable_path/Frameworks @loader_path/Frameworks";
				PRODUCT_BUNDLE_IDENTIFIER = jp.techacademy.tomoya.sasaki.SlideshowAppTests;
				PRODUCT_NAME = "$(TARGET_NAME)";
				SWIFT_VERSION = 3.0;
				TEST_HOST = "$(BUILT_PRODUCTS_DIR)/SlideshowApp.app/SlideshowApp";
			};
			name = Release;
		};
		64310DF61E63262100A62168 /* Debug */ = {
			isa = XCBuildConfiguration;
			buildSettings = {
				ALWAYS_EMBED_SWIFT_STANDARD_LIBRARIES = YES;
				DEVELOPMENT_TEAM = DK35449S8F;
				INFOPLIST_FILE = SlideshowAppUITests/Info.plist;
				LD_RUNPATH_SEARCH_PATHS = "$(inherited) @executable_path/Frameworks @loader_path/Frameworks";
				PRODUCT_BUNDLE_IDENTIFIER = jp.techacademy.tomoya.sasaki.SlideshowAppUITests;
				PRODUCT_NAME = "$(TARGET_NAME)";
				SWIFT_VERSION = 3.0;
				TEST_TARGET_NAME = SlideshowApp;
			};
			name = Debug;
		};
		64310DF71E63262100A62168 /* Release */ = {
			isa = XCBuildConfiguration;
			buildSettings = {
				ALWAYS_EMBED_SWIFT_STANDARD_LIBRARIES = YES;
				DEVELOPMENT_TEAM = DK35449S8F;
				INFOPLIST_FILE = SlideshowAppUITests/Info.plist;
				LD_RUNPATH_SEARCH_PATHS = "$(inherited) @executable_path/Frameworks @loader_path/Frameworks";
				PRODUCT_BUNDLE_IDENTIFIER = jp.techacademy.tomoya.sasaki.SlideshowAppUITests;
				PRODUCT_NAME = "$(TARGET_NAME)";
				SWIFT_VERSION = 3.0;
				TEST_TARGET_NAME = SlideshowApp;
			};
			name = Release;
		};
/* End XCBuildConfiguration section */

/* Begin XCConfigurationList section */
		64310DC21E63262000A62168 /* Build configuration list for PBXProject "SlideshowApp" */ = {
			isa = XCConfigurationList;
			buildConfigurations = (
				64310DED1E63262100A62168 /* Debug */,
				64310DEE1E63262100A62168 /* Release */,
			);
			defaultConfigurationIsVisible = 0;
			defaultConfigurationName = Release;
		};
		64310DEF1E63262100A62168 /* Build configuration list for PBXNativeTarget "SlideshowApp" */ = {
			isa = XCConfigurationList;
			buildConfigurations = (
				64310DF01E63262100A62168 /* Debug */,
				64310DF11E63262100A62168 /* Release */,
			);
			defaultConfigurationIsVisible = 0;
		};
		64310DF21E63262100A62168 /* Build configuration list for PBXNativeTarget "SlideshowAppTests" */ = {
			isa = XCConfigurationList;
			buildConfigurations = (
				64310DF31E63262100A62168 /* Debug */,
				64310DF41E63262100A62168 /* Release */,
			);
			defaultConfigurationIsVisible = 0;
		};
		64310DF51E63262100A62168 /* Build configuration list for PBXNativeTarget "SlideshowAppUITests" */ = {
			isa = XCConfigurationList;
			buildConfigurations = (
				64310DF61E63262100A62168 /* Debug */,
				64310DF71E63262100A62168 /* Release */,
			);
			defaultConfigurationIsVisible = 0;
		};
/* End XCConfigurationList section */
	};
	rootObject = 64310DBF1E63262000A62168 /* Project object */;
}
